// !$*UTF8*$!
{
	archiveVersion = 1;
	classes = {
	};
	objectVersion = 56;
	objects = {

/* Begin PBXBuildFile section */
		CB34C9072B60FC1800C6D634 /* ItemDetailsHeader.swift in Sources */ = {isa = PBXBuildFile; fileRef = CB34C9052B60FC1800C6D634 /* ItemDetailsHeader.swift */; };
		CB34C9082B60FC1800C6D634 /* LootRow.swift in Sources */ = {isa = PBXBuildFile; fileRef = CB34C9062B60FC1800C6D634 /* LootRow.swift */; };
		CB34C90A2B60FC4300C6D634 /* ItemDetailsList.swift in Sources */ = {isa = PBXBuildFile; fileRef = CB34C9092B60FC4300C6D634 /* ItemDetailsList.swift */; };
		CBFF55662B5A793A0093FBCF /* LootApp.swift in Sources */ = {isa = PBXBuildFile; fileRef = CBFF55652B5A793A0093FBCF /* LootApp.swift */; };
		CBFF55682B5A793A0093FBCF /* ContentView.swift in Sources */ = {isa = PBXBuildFile; fileRef = CBFF55672B5A793A0093FBCF /* ContentView.swift */; };
		CBFF556A2B5A793C0093FBCF /* Assets.xcassets in Resources */ = {isa = PBXBuildFile; fileRef = CBFF55692B5A793C0093FBCF /* Assets.xcassets */; };
		CBFF556D2B5A793C0093FBCF /* Preview Assets.xcassets in Resources */ = {isa = PBXBuildFile; fileRef = CBFF556C2B5A793C0093FBCF /* Preview Assets.xcassets */; };
		CBFF55742B5A7FDB0093FBCF /* AddItemView.swift in Sources */ = {isa = PBXBuildFile; fileRef = CBFF55732B5A7FDB0093FBCF /* AddItemView.swift */; };
		CBFF55762B5AA4060093FBCF /* LootItem.swift in Sources */ = {isa = PBXBuildFile; fileRef = CBFF55752B5AA4060093FBCF /* LootItem.swift */; };
		CBFF55782B5AA5200093FBCF /* Game.swift in Sources */ = {isa = PBXBuildFile; fileRef = CBFF55772B5AA5200093FBCF /* Game.swift */; };
		CBFF55822B5AC9A00093FBCF /* LootDetailView.swift in Sources */ = {isa = PBXBuildFile; fileRef = CBFF55812B5AC9A00093FBCF /* LootDetailView.swift */; };
/* End PBXBuildFile section */

/* Begin PBXFileReference section */
		CB34C9052B60FC1800C6D634 /* ItemDetailsHeader.swift */ = {isa = PBXFileReference; fileEncoding = 4; lastKnownFileType = sourcecode.swift; name = ItemDetailsHeader.swift; path = "../App-SwiftUI/ItemDetailsHeader.swift"; sourceTree = "<group>"; };
		CB34C9062B60FC1800C6D634 /* LootRow.swift */ = {isa = PBXFileReference; fileEncoding = 4; lastKnownFileType = sourcecode.swift; name = LootRow.swift; path = "../App-SwiftUI/LootRow.swift"; sourceTree = "<group>"; };
		CB34C9092B60FC4300C6D634 /* ItemDetailsList.swift */ = {isa = PBXFileReference; fileEncoding = 4; lastKnownFileType = sourcecode.swift; name = ItemDetailsList.swift; path = "../App-SwiftUI/ItemDetailsList.swift"; sourceTree = "<group>"; };
		CBFF55622B5A793A0093FBCF /* Loot.app */ = {isa = PBXFileReference; explicitFileType = wrapper.application; includeInIndex = 0; path = Loot.app; sourceTree = BUILT_PRODUCTS_DIR; };
		CBFF55652B5A793A0093FBCF /* LootApp.swift */ = {isa = PBXFileReference; lastKnownFileType = sourcecode.swift; path = LootApp.swift; sourceTree = "<group>"; };
		CBFF55672B5A793A0093FBCF /* ContentView.swift */ = {isa = PBXFileReference; lastKnownFileType = sourcecode.swift; path = ContentView.swift; sourceTree = "<group>"; };
		CBFF55692B5A793C0093FBCF /* Assets.xcassets */ = {isa = PBXFileReference; lastKnownFileType = folder.assetcatalog; path = Assets.xcassets; sourceTree = "<group>"; };
		CBFF556C2B5A793C0093FBCF /* Preview Assets.xcassets */ = {isa = PBXFileReference; lastKnownFileType = folder.assetcatalog; path = "Preview Assets.xcassets"; sourceTree = "<group>"; };
		CBFF55732B5A7FDB0093FBCF /* AddItemView.swift */ = {isa = PBXFileReference; lastKnownFileType = sourcecode.swift; path = AddItemView.swift; sourceTree = "<group>"; };
		CBFF55752B5AA4060093FBCF /* LootItem.swift */ = {isa = PBXFileReference; lastKnownFileType = sourcecode.swift; path = LootItem.swift; sourceTree = "<group>"; };
		CBFF55772B5AA5200093FBCF /* Game.swift */ = {isa = PBXFileReference; lastKnownFileType = sourcecode.swift; path = Game.swift; sourceTree = "<group>"; };
		CBFF55812B5AC9A00093FBCF /* LootDetailView.swift */ = {isa = PBXFileReference; lastKnownFileType = sourcecode.swift; path = LootDetailView.swift; sourceTree = "<group>"; };
/* End PBXFileReference section */

/* Begin PBXFrameworksBuildPhase section */
		CBFF555F2B5A793A0093FBCF /* Frameworks */ = {
			isa = PBXFrameworksBuildPhase;
			buildActionMask = 2147483647;
			files = (
			);
			runOnlyForDeploymentPostprocessing = 0;
		};
/* End PBXFrameworksBuildPhase section */

/* Begin PBXGroup section */
		CBFF55592B5A793A0093FBCF = {
			isa = PBXGroup;
			children = (
				CB34C9092B60FC4300C6D634 /* ItemDetailsList.swift */,
				CB34C9052B60FC1800C6D634 /* ItemDetailsHeader.swift */,
				CBFF55812B5AC9A00093FBCF /* LootDetailView.swift */,
				CB34C9062B60FC1800C6D634 /* LootRow.swift */,
				CBFF55642B5A793A0093FBCF /* Loot */,
				CBFF55632B5A793A0093FBCF /* Products */,
			);
			sourceTree = "<group>";
		};
		CBFF55632B5A793A0093FBCF /* Products */ = {
			isa = PBXGroup;
			children = (
				CBFF55622B5A793A0093FBCF /* Loot.app */,
			);
			name = Products;
			sourceTree = "<group>";
		};
		CBFF55642B5A793A0093FBCF /* Loot */ = {
			isa = PBXGroup;
			children = (
				CBFF55752B5AA4060093FBCF /* LootItem.swift */,
				CBFF55732B5A7FDB0093FBCF /* AddItemView.swift */,
				CBFF55772B5AA5200093FBCF /* Game.swift */,
				CBFF55652B5A793A0093FBCF /* LootApp.swift */,
				CBFF55672B5A793A0093FBCF /* ContentView.swift */,
				CBFF55692B5A793C0093FBCF /* Assets.xcassets */,
				CBFF556B2B5A793C0093FBCF /* Preview Content */,
			);
			path = Loot;
			sourceTree = "<group>";
		};
		CBFF556B2B5A793C0093FBCF /* Preview Content */ = {
			isa = PBXGroup;
			children = (
				CBFF556C2B5A793C0093FBCF /* Preview Assets.xcassets */,
			);
			path = "Preview Content";
			sourceTree = "<group>";
		};
/* End PBXGroup section */

/* Begin PBXNativeTarget section */
		CBFF55612B5A793A0093FBCF /* Loot */ = {
			isa = PBXNativeTarget;
			buildConfigurationList = CBFF55702B5A793C0093FBCF /* Build configuration list for PBXNativeTarget "Loot" */;
			buildPhases = (
				CBFF555E2B5A793A0093FBCF /* Sources */,
				CBFF555F2B5A793A0093FBCF /* Frameworks */,
				CBFF55602B5A793A0093FBCF /* Resources */,
			);
			buildRules = (
			);
			dependencies = (
			);
			name = Loot;
			productName = Loot;
			productReference = CBFF55622B5A793A0093FBCF /* Loot.app */;
			productType = "com.apple.product-type.application";
		};
/* End PBXNativeTarget section */

/* Begin PBXProject section */
		CBFF555A2B5A793A0093FBCF /* Project object */ = {
			isa = PBXProject;
			attributes = {
				BuildIndependentTargetsInParallel = 1;
				LastSwiftUpdateCheck = 1500;
				LastUpgradeCheck = 1500;
				TargetAttributes = {
					CBFF55612B5A793A0093FBCF = {
						CreatedOnToolsVersion = 15.0.1;
					};
				};
			};
			buildConfigurationList = CBFF555D2B5A793A0093FBCF /* Build configuration list for PBXProject "Loot" */;
			compatibilityVersion = "Xcode 14.0";
			developmentRegion = en;
			hasScannedForEncodings = 0;
			knownRegions = (
				en,
				Base,
			);
			mainGroup = CBFF55592B5A793A0093FBCF;
			productRefGroup = CBFF55632B5A793A0093FBCF /* Products */;
			projectDirPath = "";
			projectRoot = "";
			targets = (
				CBFF55612B5A793A0093FBCF /* Loot */,
			);
		};
/* End PBXProject section */

/* Begin PBXResourcesBuildPhase section */
		CBFF55602B5A793A0093FBCF /* Resources */ = {
			isa = PBXResourcesBuildPhase;
			buildActionMask = 2147483647;
			files = (
				CBFF556D2B5A793C0093FBCF /* Preview Assets.xcassets in Resources */,
				CBFF556A2B5A793C0093FBCF /* Assets.xcassets in Resources */,
			);
			runOnlyForDeploymentPostprocessing = 0;
		};
/* End PBXResourcesBuildPhase section */

/* Begin PBXSourcesBuildPhase section */
		CBFF555E2B5A793A0093FBCF /* Sources */ = {
			isa = PBXSourcesBuildPhase;
			buildActionMask = 2147483647;
			files = (
				CBFF55682B5A793A0093FBCF /* ContentView.swift in Sources */,
				CBFF55782B5AA5200093FBCF /* Game.swift in Sources */,
				CBFF55742B5A7FDB0093FBCF /* AddItemView.swift in Sources */,
				CBFF55822B5AC9A00093FBCF /* LootDetailView.swift in Sources */,
				CB34C9072B60FC1800C6D634 /* ItemDetailsHeader.swift in Sources */,
				CB34C90A2B60FC4300C6D634 /* ItemDetailsList.swift in Sources */,
				CBFF55762B5AA4060093FBCF /* LootItem.swift in Sources */,
				CB34C9082B60FC1800C6D634 /* LootRow.swift in Sources */,
				CBFF55662B5A793A0093FBCF /* LootApp.swift in Sources */,
			);
			runOnlyForDeploymentPostprocessing = 0;
		};
/* End PBXSourcesBuildPhase section */

/* Begin XCBuildConfiguration section */
		CBFF556E2B5A793C0093FBCF /* Debug */ = {
			isa = XCBuildConfiguration;
			buildSettings = {
				ALWAYS_SEARCH_USER_PATHS = NO;
				ASSETCATALOG_COMPILER_GENERATE_SWIFT_ASSET_SYMBOL_EXTENSIONS = YES;
				CLANG_ANALYZER_NONNULL = YES;
				CLANG_ANALYZER_NUMBER_OBJECT_CONVERSION = YES_AGGRESSIVE;
				CLANG_CXX_LANGUAGE_STANDARD = "gnu++20";
				CLANG_ENABLE_MODULES = YES;
				CLANG_ENABLE_OBJC_ARC = YES;
				CLANG_ENABLE_OBJC_WEAK = YES;
				CLANG_WARN_BLOCK_CAPTURE_AUTORELEASING = YES;
				CLANG_WARN_BOOL_CONVERSION = YES;
				CLANG_WARN_COMMA = YES;
				CLANG_WARN_CONSTANT_CONVERSION = YES;
				CLANG_WARN_DEPRECATED_OBJC_IMPLEMENTATIONS = YES;
				CLANG_WARN_DIRECT_OBJC_ISA_USAGE = YES_ERROR;
				CLANG_WARN_DOCUMENTATION_COMMENTS = YES;
				CLANG_WARN_EMPTY_BODY = YES;
				CLANG_WARN_ENUM_CONVERSION = YES;
				CLANG_WARN_INFINITE_RECURSION = YES;
				CLANG_WARN_INT_CONVERSION = YES;
				CLANG_WARN_NON_LITERAL_NULL_CONVERSION = YES;
				CLANG_WARN_OBJC_IMPLICIT_RETAIN_SELF = YES;
				CLANG_WARN_OBJC_LITERAL_CONVERSION = YES;
				CLANG_WARN_OBJC_ROOT_CLASS = YES_ERROR;
				CLANG_WARN_QUOTED_INCLUDE_IN_FRAMEWORK_HEADER = YES;
				CLANG_WARN_RANGE_LOOP_ANALYSIS = YES;
				CLANG_WARN_STRICT_PROTOTYPES = YES;
				CLANG_WARN_SUSPICIOUS_MOVE = YES;
				CLANG_WARN_UNGUARDED_AVAILABILITY = YES_AGGRESSIVE;
				CLANG_WARN_UNREACHABLE_CODE = YES;
				CLANG_WARN__DUPLICATE_METHOD_MATCH = YES;
				COPY_PHASE_STRIP = NO;
				DEBUG_INFORMATION_FORMAT = dwarf;
				ENABLE_STRICT_OBJC_MSGSEND = YES;
				ENABLE_TESTABILITY = YES;
				ENABLE_USER_SCRIPT_SANDBOXING = YES;
				GCC_C_LANGUAGE_STANDARD = gnu17;
				GCC_DYNAMIC_NO_PIC = NO;
				GCC_NO_COMMON_BLOCKS = YES;
				GCC_OPTIMIZATION_LEVEL = 0;
				GCC_PREPROCESSOR_DEFINITIONS = (
					"DEBUG=1",
					"$(inherited)",
				);
				GCC_WARN_64_TO_32_BIT_CONVERSION = YES;
				GCC_WARN_ABOUT_RETURN_TYPE = YES_ERROR;
				GCC_WARN_UNDECLARED_SELECTOR = YES;
				GCC_WARN_UNINITIALIZED_AUTOS = YES_AGGRESSIVE;
				GCC_WARN_UNUSED_FUNCTION = YES;
				GCC_WARN_UNUSED_VARIABLE = YES;
				IPHONEOS_DEPLOYMENT_TARGET = 17.0;
				LOCALIZATION_PREFERS_STRING_CATALOGS = YES;
				MTL_ENABLE_DEBUG_INFO = INCLUDE_SOURCE;
				MTL_FAST_MATH = YES;
				ONLY_ACTIVE_ARCH = YES;
				SDKROOT = iphoneos;
				SWIFT_ACTIVE_COMPILATION_CONDITIONS = "DEBUG $(inherited)";
				SWIFT_OPTIMIZATION_LEVEL = "-Onone";
			};
			name = Debug;
		};
		CBFF556F2B5A793C0093FBCF /* Release */ = {
			isa = XCBuildConfiguration;
			buildSettings = {
				ALWAYS_SEARCH_USER_PATHS = NO;
				ASSETCATALOG_COMPILER_GENERATE_SWIFT_ASSET_SYMBOL_EXTENSIONS = YES;
				CLANG_ANALYZER_NONNULL = YES;
				CLANG_ANALYZER_NUMBER_OBJECT_CONVERSION = YES_AGGRESSIVE;
				CLANG_CXX_LANGUAGE_STANDARD = "gnu++20";
				CLANG_ENABLE_MODULES = YES;
				CLANG_ENABLE_OBJC_ARC = YES;
				CLANG_ENABLE_OBJC_WEAK = YES;
				CLANG_WARN_BLOCK_CAPTURE_AUTORELEASING = YES;
				CLANG_WARN_BOOL_CONVERSION = YES;
				CLANG_WARN_COMMA = YES;
				CLANG_WARN_CONSTANT_CONVERSION = YES;
				CLANG_WARN_DEPRECATED_OBJC_IMPLEMENTATIONS = YES;
				CLANG_WARN_DIRECT_OBJC_ISA_USAGE = YES_ERROR;
				CLANG_WARN_DOCUMENTATION_COMMENTS = YES;
				CLANG_WARN_EMPTY_BODY = YES;
				CLANG_WARN_ENUM_CONVERSION = YES;
				CLANG_WARN_INFINITE_RECURSION = YES;
				CLANG_WARN_INT_CONVERSION = YES;
				CLANG_WARN_NON_LITERAL_NULL_CONVERSION = YES;
				CLANG_WARN_OBJC_IMPLICIT_RETAIN_SELF = YES;
				CLANG_WARN_OBJC_LITERAL_CONVERSION = YES;
				CLANG_WARN_OBJC_ROOT_CLASS = YES_ERROR;
				CLANG_WARN_QUOTED_INCLUDE_IN_FRAMEWORK_HEADER = YES;
				CLANG_WARN_RANGE_LOOP_ANALYSIS = YES;
				CLANG_WARN_STRICT_PROTOTYPES = YES;
				CLANG_WARN_SUSPICIOUS_MOVE = YES;
				CLANG_WARN_UNGUARDED_AVAILABILITY = YES_AGGRESSIVE;
				CLANG_WARN_UNREACHABLE_CODE = YES;
				CLANG_WARN__DUPLICATE_METHOD_MATCH = YES;
				COPY_PHASE_STRIP = NO;
				DEBUG_INFORMATION_FORMAT = "dwarf-with-dsym";
				ENABLE_NS_ASSERTIONS = NO;
				ENABLE_STRICT_OBJC_MSGSEND = YES;
				ENABLE_USER_SCRIPT_SANDBOXING = YES;
				GCC_C_LANGUAGE_STANDARD = gnu17;
				GCC_NO_COMMON_BLOCKS = YES;
				GCC_WARN_64_TO_32_BIT_CONVERSION = YES;
				GCC_WARN_ABOUT_RETURN_TYPE = YES_ERROR;
				GCC_WARN_UNDECLARED_SELECTOR = YES;
				GCC_WARN_UNINITIALIZED_AUTOS = YES_AGGRESSIVE;
				GCC_WARN_UNUSED_FUNCTION = YES;
				GCC_WARN_UNUSED_VARIABLE = YES;
				IPHONEOS_DEPLOYMENT_TARGET = 17.0;
				LOCALIZATION_PREFERS_STRING_CATALOGS = YES;
				MTL_ENABLE_DEBUG_INFO = NO;
				MTL_FAST_MATH = YES;
				SDKROOT = iphoneos;
				SWIFT_COMPILATION_MODE = wholemodule;
				VALIDATE_PRODUCT = YES;
			};
			name = Release;
		};
		CBFF55712B5A793C0093FBCF /* Debug */ = {
			isa = XCBuildConfiguration;
			buildSettings = {
				ASSETCATALOG_COMPILER_APPICON_NAME = AppIcon;
				ASSETCATALOG_COMPILER_GLOBAL_ACCENT_COLOR_NAME = AccentColor;
				CODE_SIGN_STYLE = Automatic;
				CURRENT_PROJECT_VERSION = 1;
				DEVELOPMENT_ASSET_PATHS = "\"Loot/Preview Content\"";
				ENABLE_PREVIEWS = YES;
				GENERATE_INFOPLIST_FILE = YES;
				INFOPLIST_KEY_UIApplicationSceneManifest_Generation = YES;
				INFOPLIST_KEY_UIApplicationSupportsIndirectInputEvents = YES;
				INFOPLIST_KEY_UILaunchScreen_Generation = YES;
				INFOPLIST_KEY_UISupportedInterfaceOrientations_iPad = "UIInterfaceOrientationPortrait UIInterfaceOrientationPortraitUpsideDown UIInterfaceOrientationLandscapeLeft UIInterfaceOrientationLandscapeRight";
				INFOPLIST_KEY_UISupportedInterfaceOrientations_iPhone = "UIInterfaceOrientationPortrait UIInterfaceOrientationLandscapeLeft UIInterfaceOrientationLandscapeRight";
				LD_RUNPATH_SEARCH_PATHS = (
					"$(inherited)",
					"@executable_path/Frameworks",
				);
				MARKETING_VERSION = 1.0;
				PRODUCT_BUNDLE_IDENTIFIER = Anis.Loot;
				PRODUCT_NAME = "$(TARGET_NAME)";
				SWIFT_EMIT_LOC_STRINGS = YES;
				SWIFT_VERSION = 5.0;
				TARGETED_DEVICE_FAMILY = "1,2";
			};
			name = Debug;
		};
		CBFF55722B5A793C0093FBCF /* Release */ = {
			isa = XCBuildConfiguration;
			buildSettings = {
				ASSETCATALOG_COMPILER_APPICON_NAME = AppIcon;
				ASSETCATALOG_COMPILER_GLOBAL_ACCENT_COLOR_NAME = AccentColor;
				CODE_SIGN_STYLE = Automatic;
				CURRENT_PROJECT_VERSION = 1;
				DEVELOPMENT_ASSET_PATHS = "\"Loot/Preview Content\"";
				ENABLE_PREVIEWS = YES;
				GENERATE_INFOPLIST_FILE = YES;
				INFOPLIST_KEY_UIApplicationSceneManifest_Generation = YES;
				INFOPLIST_KEY_UIApplicationSupportsIndirectInputEvents = YES;
				INFOPLIST_KEY_UILaunchScreen_Generation = YES;
				INFOPLIST_KEY_UISupportedInterfaceOrientations_iPad = "UIInterfaceOrientationPortrait UIInterfaceOrientationPortraitUpsideDown UIInterfaceOrientationLandscapeLeft UIInterfaceOrientationLandscapeRight";
				INFOPLIST_KEY_UISupportedInterfaceOrientations_iPhone = "UIInterfaceOrientationPortrait UIInterfaceOrientationLandscapeLeft UIInterfaceOrientationLandscapeRight";
				LD_RUNPATH_SEARCH_PATHS = (
					"$(inherited)",
					"@executable_path/Frameworks",
				);
				MARKETING_VERSION = 1.0;
				PRODUCT_BUNDLE_IDENTIFIER = Anis.Loot;
				PRODUCT_NAME = "$(TARGET_NAME)";
				SWIFT_EMIT_LOC_STRINGS = YES;
				SWIFT_VERSION = 5.0;
				TARGETED_DEVICE_FAMILY = "1,2";
			};
			name = Release;
		};
/* End XCBuildConfiguration section */

/* Begin XCConfigurationList section */
		CBFF555D2B5A793A0093FBCF /* Build configuration list for PBXProject "Loot" */ = {
			isa = XCConfigurationList;
			buildConfigurations = (
				CBFF556E2B5A793C0093FBCF /* Debug */,
				CBFF556F2B5A793C0093FBCF /* Release */,
			);
			defaultConfigurationIsVisible = 0;
			defaultConfigurationName = Release;
		};
		CBFF55702B5A793C0093FBCF /* Build configuration list for PBXNativeTarget "Loot" */ = {
			isa = XCConfigurationList;
			buildConfigurations = (
				CBFF55712B5A793C0093FBCF /* Debug */,
				CBFF55722B5A793C0093FBCF /* Release */,
			);
			defaultConfigurationIsVisible = 0;
			defaultConfigurationName = Release;
		};
/* End XCConfigurationList section */
	};
	rootObject = CBFF555A2B5A793A0093FBCF /* Project object */;
}
